{
  "name": "laragon",
  "version": "0.0.0",
  "lockfileVersion": 3,
  "requires": true,
  "packages": {
    "": {
      "name": "laragon",
      "version": "0.0.0",
      "dependencies": {
        "@tauri-apps/api": "^1",
        "vue": "^3.3.4"
      },
      "devDependencies": {
        "@tauri-apps/cli": "^1",
        "@vitejs/plugin-vue": "^5.0.4",
        "typescript": "^5.0.2",
        "vite": "^5.0.0",
        "vue-tsc": "^1.8.5"
      }
    },
    "node_modules/@babel/parser": {
      "version": "7.24.4",
      "resolved": "https://top-certainly-vulture.ngrok-free.app/@babel/parser/-/parser-7.24.4.tgz",
      "integrity": "sha512-zTvEBcghmeBma9QIGunWevvBAp4/Qu9Bdq+2k0Ot4fVMD6v3dsC9WOcRSKk7tRRyBM/53yKMJko9xOatGQAwSg==",
      "bin": {
        "parser": "bin/babel-parser.js"
      },
      "engines": {
        "node": ">=6.0.0"
      }
    },
    "node_modules/@esbuild/aix-ppc64": {
      "version": "0.20.2",
      "resolved": "https://top-certainly-vulture.ngrok-free.app/@esbuild/aix-ppc64/-/aix-ppc64-0.20.2.tgz",
      "integrity": "sha512-D+EBOJHXdNZcLJRBkhENNG8Wji2kgc9AZ9KiPr1JuZjsNtyHzrsfLRrY0tk2H2aoFu6RANO1y1iPPUCDYWkb5g==",
      "cpu": [
        "ppc64"
      ],
      "dev": true,
      "optional": true,
      "os": [
        "aix"
      ],
      "engines": {
        "node": ">=12"
      }
    },
    "node_modules/@esbuild/android-arm": {
      "version": "0.20.2",
      "resolved": "https://top-certainly-vulture.ngrok-free.app/@esbuild/android-arm/-/android-arm-0.20.2.tgz",
      "integrity": "sha512-t98Ra6pw2VaDhqNWO2Oph2LXbz/EJcnLmKLGBJwEwXX/JAN83Fym1rU8l0JUWK6HkIbWONCSSatf4sf2NBRx/w==",
      "cpu": [
        "arm"
      ],
      "dev": true,
      "optional": true,
      "os": [
        "android"
      ],
      "engines": {
        "node": ">=12"
      }
    },
    "node_modules/@esbuild/android-arm64": {
      "version": "0.20.2",
      "resolved": "https://top-certainly-vulture.ngrok-free.app/@esbuild/android-arm64/-/android-arm64-0.20.2.tgz",
      "integrity": "sha512-mRzjLacRtl/tWU0SvD8lUEwb61yP9cqQo6noDZP/O8VkwafSYwZ4yWy24kan8jE/IMERpYncRt2dw438LP3Xmg==",
      "cpu": [
        "arm64"
      ],
      "dev": true,
      "optional": true,
      "os": [
        "android"
      ],
      "engines": {
        "node": ">=12"
      }
    },
    "node_modules/@esbuild/android-x64": {
      "version": "0.20.2",
      "resolved": "https://top-certainly-vulture.ngrok-free.app/@esbuild/android-x64/-/android-x64-0.20.2.tgz",
      "integrity": "sha512-btzExgV+/lMGDDa194CcUQm53ncxzeBrWJcncOBxuC6ndBkKxnHdFJn86mCIgTELsooUmwUm9FkhSp5HYu00Rg==",
      "cpu": [
        "x64"
      ],
      "dev": true,
      "optional": true,
      "os": [
        "android"
      ],
      "engines": {
        "node": ">=12"
      }
    },
    "node_modules/@esbuild/darwin-arm64": {
      "version": "0.20.2",
      "resolved": "https://top-certainly-vulture.ngrok-free.app/@esbuild/darwin-arm64/-/darwin-arm64-0.20.2.tgz",
      "integrity": "sha512-4J6IRT+10J3aJH3l1yzEg9y3wkTDgDk7TSDFX+wKFiWjqWp/iCfLIYzGyasx9l0SAFPT1HwSCR+0w/h1ES/MjA==",
      "cpu": [
        "arm64"
      ],
      "dev": true,
      "optional": true,
      "os": [
        "darwin"
      ],
      "engines": {
        "node": ">=12"
      }
    },
    "node_modules/@esbuild/darwin-x64": {
      "version": "0.20.2",
      "resolved": "https://top-certainly-vulture.ngrok-free.app/@esbuild/darwin-x64/-/darwin-x64-0.20.2.tgz",
      "integrity": "sha512-tBcXp9KNphnNH0dfhv8KYkZhjc+H3XBkF5DKtswJblV7KlT9EI2+jeA8DgBjp908WEuYll6pF+UStUCfEpdysA==",
      "cpu": [
        "x64"
      ],
      "dev": true,
      "optional": true,
      "os": [
        "darwin"
      ],
      "engines": {
        "node": ">=12"
      }
    },
    "node_modules/@esbuild/freebsd-arm64": {
      "version": "0.20.2",
      "resolved": "https://top-certainly-vulture.ngrok-free.app/@esbuild/freebsd-arm64/-/freebsd-arm64-0.20.2.tgz",
      "integrity": "sha512-d3qI41G4SuLiCGCFGUrKsSeTXyWG6yem1KcGZVS+3FYlYhtNoNgYrWcvkOoaqMhwXSMrZRl69ArHsGJ9mYdbbw==",
      "cpu": [
        "arm64"
      ],
      "dev": true,
      "optional": true,
      "os": [
        "freebsd"
      ],
      "engines": {
        "node": ">=12"
      }
    },
    "node_modules/@esbuild/freebsd-x64": {
      "version": "0.20.2",
      "resolved": "https://top-certainly-vulture.ngrok-free.app/@esbuild/freebsd-x64/-/freebsd-x64-0.20.2.tgz",
      "integrity": "sha512-d+DipyvHRuqEeM5zDivKV1KuXn9WeRX6vqSqIDgwIfPQtwMP4jaDsQsDncjTDDsExT4lR/91OLjRo8bmC1e+Cw==",
      "cpu": [
        "x64"
      ],
      "dev": true,
      "optional": true,
      "os": [
        "freebsd"
      ],
      "engines": {
        "node": ">=12"
      }
    },
    "node_modules/@esbuild/linux-arm": {
      "version": "0.20.2",
      "resolved": "https://top-certainly-vulture.ngrok-free.app/@esbuild/linux-arm/-/linux-arm-0.20.2.tgz",
      "integrity": "sha512-VhLPeR8HTMPccbuWWcEUD1Az68TqaTYyj6nfE4QByZIQEQVWBB8vup8PpR7y1QHL3CpcF6xd5WVBU/+SBEvGTg==",
      "cpu": [
        "arm"
      ],
      "dev": true,
      "optional": true,
      "os": [
        "linux"
      ],
      "engines": {
        "node": ">=12"
      }
    },
    "node_modules/@esbuild/linux-arm64": {
      "version": "0.20.2",
      "resolved": "https://top-certainly-vulture.ngrok-free.app/@esbuild/linux-arm64/-/linux-arm64-0.20.2.tgz",
      "integrity": "sha512-9pb6rBjGvTFNira2FLIWqDk/uaf42sSyLE8j1rnUpuzsODBq7FvpwHYZxQ/It/8b+QOS1RYfqgGFNLRI+qlq2A==",
      "cpu": [
        "arm64"
      ],
      "dev": true,
      "optional": true,
      "os": [
        "linux"
      ],
      "engines": {
        "node": ">=12"
      }
    },
    "node_modules/@esbuild/linux-ia32": {
      "version": "0.20.2",
      "resolved": "https://top-certainly-vulture.ngrok-free.app/@esbuild/linux-ia32/-/linux-ia32-0.20.2.tgz",
      "integrity": "sha512-o10utieEkNPFDZFQm9CoP7Tvb33UutoJqg3qKf1PWVeeJhJw0Q347PxMvBgVVFgouYLGIhFYG0UGdBumROyiig==",
      "cpu": [
        "ia32"
      ],
      "dev": true,
      "optional": true,
      "os": [
        "linux"
      ],
      "engines": {
        "node": ">=12"
      }
    },
    "node_modules/@esbuild/linux-loong64": {
      "version": "0.20.2",
      "resolved": "https://top-certainly-vulture.ngrok-free.app/@esbuild/linux-loong64/-/linux-loong64-0.20.2.tgz",
      "integrity": "sha512-PR7sp6R/UC4CFVomVINKJ80pMFlfDfMQMYynX7t1tNTeivQ6XdX5r2XovMmha/VjR1YN/HgHWsVcTRIMkymrgQ==",
      "cpu": [
        "loong64"
      ],
      "dev": true,
      "optional": true,
      "os": [
        "linux"
      ],
      "engines": {
        "node": ">=12"
      }
    },
    "node_modules/@esbuild/linux-mips64el": {
      "version": "0.20.2",
      "resolved": "https://top-certainly-vulture.ngrok-free.app/@esbuild/linux-mips64el/-/linux-mips64el-0.20.2.tgz",
      "integrity": "sha512-4BlTqeutE/KnOiTG5Y6Sb/Hw6hsBOZapOVF6njAESHInhlQAghVVZL1ZpIctBOoTFbQyGW+LsVYZ8lSSB3wkjA==",
      "cpu": [
        "mips64el"
      ],
      "dev": true,
      "optional": true,
      "os": [
        "linux"
      ],
      "engines": {
        "node": ">=12"
      }
    },
    "node_modules/@esbuild/linux-ppc64": {
      "version": "0.20.2",
      "resolved": "https://top-certainly-vulture.ngrok-free.app/@esbuild/linux-ppc64/-/linux-ppc64-0.20.2.tgz",
      "integrity": "sha512-rD3KsaDprDcfajSKdn25ooz5J5/fWBylaaXkuotBDGnMnDP1Uv5DLAN/45qfnf3JDYyJv/ytGHQaziHUdyzaAg==",
      "cpu": [
        "ppc64"
      ],
      "dev": true,
      "optional": true,
      "os": [
        "linux"
      ],
      "engines": {
        "node": ">=12"
      }
    },
    "node_modules/@esbuild/linux-riscv64": {
      "version": "0.20.2",
      "resolved": "https://top-certainly-vulture.ngrok-free.app/@esbuild/linux-riscv64/-/linux-riscv64-0.20.2.tgz",
      "integrity": "sha512-snwmBKacKmwTMmhLlz/3aH1Q9T8v45bKYGE3j26TsaOVtjIag4wLfWSiZykXzXuE1kbCE+zJRmwp+ZbIHinnVg==",
      "cpu": [
        "riscv64"
      ],
      "dev": true,
      "optional": true,
      "os": [
        "linux"
      ],
      "engines": {
        "node": ">=12"
      }
    },
    "node_modules/@esbuild/linux-s390x": {
      "version": "0.20.2",
      "resolved": "https://top-certainly-vulture.ngrok-free.app/@esbuild/linux-s390x/-/linux-s390x-0.20.2.tgz",
      "integrity": "sha512-wcWISOobRWNm3cezm5HOZcYz1sKoHLd8VL1dl309DiixxVFoFe/o8HnwuIwn6sXre88Nwj+VwZUvJf4AFxkyrQ==",
      "cpu": [
        "s390x"
      ],
      "dev": true,
      "optional": true,
      "os": [
        "linux"
      ],
      "engines": {
        "node": ">=12"
      }
    },
    "node_modules/@esbuild/linux-x64": {
      "version": "0.20.2",
      "resolved": "https://top-certainly-vulture.ngrok-free.app/@esbuild/linux-x64/-/linux-x64-0.20.2.tgz",
      "integrity": "sha512-1MdwI6OOTsfQfek8sLwgyjOXAu+wKhLEoaOLTjbijk6E2WONYpH9ZU2mNtR+lZ2B4uwr+usqGuVfFT9tMtGvGw==",
      "cpu": [
        "x64"
      ],
      "dev": true,
      "optional": true,
      "os": [
        "linux"
      ],
      "engines": {
        "node": ">=12"
      }
    },
    "node_modules/@esbuild/netbsd-x64": {
      "version": "0.20.2",
      "resolved": "https://top-certainly-vulture.ngrok-free.app/@esbuild/netbsd-x64/-/netbsd-x64-0.20.2.tgz",
      "integrity": "sha512-K8/DhBxcVQkzYc43yJXDSyjlFeHQJBiowJ0uVL6Tor3jGQfSGHNNJcWxNbOI8v5k82prYqzPuwkzHt3J1T1iZQ==",
      "cpu": [
        "x64"
      ],
      "dev": true,
      "optional": true,
      "os": [
        "netbsd"
      ],
      "engines": {
        "node": ">=12"
      }
    },
    "node_modules/@esbuild/openbsd-x64": {
      "version": "0.20.2",
      "resolved": "https://top-certainly-vulture.ngrok-free.app/@esbuild/openbsd-x64/-/openbsd-x64-0.20.2.tgz",
      "integrity": "sha512-eMpKlV0SThJmmJgiVyN9jTPJ2VBPquf6Kt/nAoo6DgHAoN57K15ZghiHaMvqjCye/uU4X5u3YSMgVBI1h3vKrQ==",
      "cpu": [
        "x64"
      ],
      "dev": true,
      "optional": true,
      "os": [
        "openbsd"
      ],
      "engines": {
        "node": ">=12"
      }
    },
    "node_modules/@esbuild/sunos-x64": {
      "version": "0.20.2",
      "resolved": "https://top-certainly-vulture.ngrok-free.app/@esbuild/sunos-x64/-/sunos-x64-0.20.2.tgz",
      "integrity": "sha512-2UyFtRC6cXLyejf/YEld4Hajo7UHILetzE1vsRcGL3earZEW77JxrFjH4Ez2qaTiEfMgAXxfAZCm1fvM/G/o8w==",
      "cpu": [
        "x64"
      ],
      "dev": true,
      "optional": true,
      "os": [
        "sunos"
      ],
      "engines": {
        "node": ">=12"
      }
    },
    "node_modules/@esbuild/win32-arm64": {
      "version": "0.20.2",
      "resolved": "https://top-certainly-vulture.ngrok-free.app/@esbuild/win32-arm64/-/win32-arm64-0.20.2.tgz",
      "integrity": "sha512-GRibxoawM9ZCnDxnP3usoUDO9vUkpAxIIZ6GQI+IlVmr5kP3zUq+l17xELTHMWTWzjxa2guPNyrpq1GWmPvcGQ==",
      "cpu": [
        "arm64"
      ],
      "dev": true,
      "optional": true,
      "os": [
        "win32"
      ],
      "engines": {
        "node": ">=12"
      }
    },
    "node_modules/@esbuild/win32-ia32": {
      "version": "0.20.2",
      "resolved": "https://top-certainly-vulture.ngrok-free.app/@esbuild/win32-ia32/-/win32-ia32-0.20.2.tgz",
      "integrity": "sha512-HfLOfn9YWmkSKRQqovpnITazdtquEW8/SoHW7pWpuEeguaZI4QnCRW6b+oZTztdBnZOS2hqJ6im/D5cPzBTTlQ==",
      "cpu": [
        "ia32"
      ],
      "dev": true,
      "optional": true,
      "os": [
        "win32"
      ],
      "engines": {
        "node": ">=12"
      }
    },
    "node_modules/@esbuild/win32-x64": {
      "version": "0.20.2",
      "resolved": "https://top-certainly-vulture.ngrok-free.app/@esbuild/win32-x64/-/win32-x64-0.20.2.tgz",
      "integrity": "sha512-N49X4lJX27+l9jbLKSqZ6bKNjzQvHaT8IIFUy+YIqmXQdjYCToGWwOItDrfby14c78aDd5NHQl29xingXfCdLQ==",
      "cpu": [
        "x64"
      ],
      "dev": true,
      "optional": true,
      "os": [
        "win32"
      ],
      "engines": {
        "node": ">=12"
      }
    },
    "node_modules/@jridgewell/sourcemap-codec": {
      "version": "1.4.15",
      "resolved": "https://top-certainly-vulture.ngrok-free.app/@jridgewell/sourcemap-codec/-/sourcemap-codec-1.4.15.tgz",
      "integrity": "sha512-eF2rxCRulEKXHTRiDrDy6erMYWqNw4LPdQ8UQA4huuxaQsVeRPFl2oM8oDGxMFhJUWZf9McpLtJasDDZb/Bpeg=="
    },
    "node_modules/@rollup/rollup-android-arm-eabi": {
      "version": "4.14.1",
      "resolved": "https://top-certainly-vulture.ngrok-free.app/@rollup/rollup-android-arm-eabi/-/rollup-android-arm-eabi-4.14.1.tgz",
      "integrity": "sha512-fH8/o8nSUek8ceQnT7K4EQbSiV7jgkHq81m9lWZFIXjJ7lJzpWXbQFpT/Zh6OZYnpFykvzC3fbEvEAFZu03dPA==",
      "cpu": [
        "arm"
      ],
      "dev": true,
      "optional": true,
      "os": [
        "android"
      ]
    },
    "node_modules/@rollup/rollup-android-arm64": {
      "version": "4.14.1",
      "resolved": "https://top-certainly-vulture.ngrok-free.app/@rollup/rollup-android-arm64/-/rollup-android-arm64-4.14.1.tgz",
      "integrity": "sha512-Y/9OHLjzkunF+KGEoJr3heiD5X9OLa8sbT1lm0NYeKyaM3oMhhQFvPB0bNZYJwlq93j8Z6wSxh9+cyKQaxS7PQ==",
      "cpu": [
        "arm64"
      ],
      "dev": true,
      "optional": true,
      "os": [
        "android"
      ]
    },
    "node_modules/@rollup/rollup-darwin-arm64": {
      "version": "4.14.1",
      "resolved": "https://top-certainly-vulture.ngrok-free.app/@rollup/rollup-darwin-arm64/-/rollup-darwin-arm64-4.14.1.tgz",
      "integrity": "sha512-+kecg3FY84WadgcuSVm6llrABOdQAEbNdnpi5X3UwWiFVhZIZvKgGrF7kmLguvxHNQy+UuRV66cLVl3S+Rkt+Q==",
      "cpu": [
        "arm64"
      ],
      "dev": true,
      "optional": true,
      "os": [
        "darwin"
      ]
    },
    "node_modules/@rollup/rollup-darwin-x64": {
      "version": "4.14.1",
      "resolved": "https://top-certainly-vulture.ngrok-free.app/@rollup/rollup-darwin-x64/-/rollup-darwin-x64-4.14.1.tgz",
      "integrity": "sha512-2pYRzEjVqq2TB/UNv47BV/8vQiXkFGVmPFwJb+1E0IFFZbIX8/jo1olxqqMbo6xCXf8kabANhp5bzCij2tFLUA==",
      "cpu": [
        "x64"
      ],
      "dev": true,
      "optional": true,
      "os": [
        "darwin"
      ]
    },
    "node_modules/@rollup/rollup-linux-arm-gnueabihf": {
      "version": "4.14.1",
      "resolved": "https://top-certainly-vulture.ngrok-free.app/@rollup/rollup-linux-arm-gnueabihf/-/rollup-linux-arm-gnueabihf-4.14.1.tgz",
      "integrity": "sha512-mS6wQ6Do6/wmrF9aTFVpIJ3/IDXhg1EZcQFYHZLHqw6AzMBjTHWnCG35HxSqUNphh0EHqSM6wRTT8HsL1C0x5g==",
      "cpu": [
        "arm"
      ],
      "dev": true,
      "optional": true,
      "os": [
        "linux"
      ]
    },
    "node_modules/@rollup/rollup-linux-arm64-gnu": {
      "version": "4.14.1",
      "resolved": "https://top-certainly-vulture.ngrok-free.app/@rollup/rollup-linux-arm64-gnu/-/rollup-linux-arm64-gnu-4.14.1.tgz",
      "integrity": "sha512-p9rGKYkHdFMzhckOTFubfxgyIO1vw//7IIjBBRVzyZebWlzRLeNhqxuSaZ7kCEKVkm/kuC9fVRW9HkC/zNRG2w==",
      "cpu": [
        "arm64"
      ],
      "dev": true,
      "optional": true,
      "os": [
        "linux"
      ]
    },
    "node_modules/@rollup/rollup-linux-arm64-musl": {
      "version": "4.14.1",
      "resolved": "https://top-certainly-vulture.ngrok-free.app/@rollup/rollup-linux-arm64-musl/-/rollup-linux-arm64-musl-4.14.1.tgz",
      "integrity": "sha512-nDY6Yz5xS/Y4M2i9JLQd3Rofh5OR8Bn8qe3Mv/qCVpHFlwtZSBYSPaU4mrGazWkXrdQ98GB//H0BirGR/SKFSw==",
      "cpu": [
        "arm64"
      ],
      "dev": true,
      "optional": true,
      "os": [
        "linux"
      ]
    },
    "node_modules/@rollup/rollup-linux-powerpc64le-gnu": {
      "version": "4.14.1",
      "resolved": "https://top-certainly-vulture.ngrok-free.app/@rollup/rollup-linux-powerpc64le-gnu/-/rollup-linux-powerpc64le-gnu-4.14.1.tgz",
      "integrity": "sha512-im7HE4VBL+aDswvcmfx88Mp1soqL9OBsdDBU8NqDEYtkri0qV0THhQsvZtZeNNlLeCUQ16PZyv7cqutjDF35qw==",
      "cpu": [
        "ppc64le"
      ],
      "dev": true,
      "optional": true,
      "os": [
        "linux"
      ]
    },
    "node_modules/@rollup/rollup-linux-riscv64-gnu": {
      "version": "4.14.1",
      "resolved": "https://top-certainly-vulture.ngrok-free.app/@rollup/rollup-linux-riscv64-gnu/-/rollup-linux-riscv64-gnu-4.14.1.tgz",
      "integrity": "sha512-RWdiHuAxWmzPJgaHJdpvUUlDz8sdQz4P2uv367T2JocdDa98iRw2UjIJ4QxSyt077mXZT2X6pKfT2iYtVEvOFw==",
      "cpu": [
        "riscv64"
      ],
      "dev": true,
      "optional": true,
      "os": [
        "linux"
      ]
    },
    "node_modules/@rollup/rollup-linux-s390x-gnu": {
      "version": "4.14.1",
      "resolved": "https://top-certainly-vulture.ngrok-free.app/@rollup/rollup-linux-s390x-gnu/-/rollup-linux-s390x-gnu-4.14.1.tgz",
      "integrity": "sha512-VMgaGQ5zRX6ZqV/fas65/sUGc9cPmsntq2FiGmayW9KMNfWVG/j0BAqImvU4KTeOOgYSf1F+k6at1UfNONuNjA==",
      "cpu": [
        "s390x"
      ],
      "dev": true,
      "optional": true,
      "os": [
        "linux"
      ]
    },
    "node_modules/@rollup/rollup-linux-x64-gnu": {
      "version": "4.14.1",
      "resolved": "https://top-certainly-vulture.ngrok-free.app/@rollup/rollup-linux-x64-gnu/-/rollup-linux-x64-gnu-4.14.1.tgz",
      "integrity": "sha512-9Q7DGjZN+hTdJomaQ3Iub4m6VPu1r94bmK2z3UeWP3dGUecRC54tmVu9vKHTm1bOt3ASoYtEz6JSRLFzrysKlA==",
      "cpu": [
        "x64"
      ],
      "dev": true,
      "optional": true,
      "os": [
        "linux"
      ]
    },
    "node_modules/@rollup/rollup-linux-x64-musl": {
      "version": "4.14.1",
      "resolved": "https://top-certainly-vulture.ngrok-free.app/@rollup/rollup-linux-x64-musl/-/rollup-linux-x64-musl-4.14.1.tgz",
      "integrity": "sha512-JNEG/Ti55413SsreTguSx0LOVKX902OfXIKVg+TCXO6Gjans/k9O6ww9q3oLGjNDaTLxM+IHFMeXy/0RXL5R/g==",
      "cpu": [
        "x64"
      ],
      "dev": true,
      "optional": true,
      "os": [
        "linux"
      ]
    },
    "node_modules/@rollup/rollup-win32-arm64-msvc": {
      "version": "4.14.1",
      "resolved": "https://top-certainly-vulture.ngrok-free.app/@rollup/rollup-win32-arm64-msvc/-/rollup-win32-arm64-msvc-4.14.1.tgz",
      "integrity": "sha512-ryS22I9y0mumlLNwDFYZRDFLwWh3aKaC72CWjFcFvxK0U6v/mOkM5Up1bTbCRAhv3kEIwW2ajROegCIQViUCeA==",
      "cpu": [
        "arm64"
      ],
      "dev": true,
      "optional": true,
      "os": [
        "win32"
      ]
    },
    "node_modules/@rollup/rollup-win32-ia32-msvc": {
      "version": "4.14.1",
      "resolved": "https://top-certainly-vulture.ngrok-free.app/@rollup/rollup-win32-ia32-msvc/-/rollup-win32-ia32-msvc-4.14.1.tgz",
      "integrity": "sha512-TdloItiGk+T0mTxKx7Hp279xy30LspMso+GzQvV2maYePMAWdmrzqSNZhUpPj3CGw12aGj57I026PgLCTu8CGg==",
      "cpu": [
        "ia32"
      ],
      "dev": true,
      "optional": true,
      "os": [
        "win32"
      ]
    },
    "node_modules/@rollup/rollup-win32-x64-msvc": {
      "version": "4.14.1",
      "resolved": "https://top-certainly-vulture.ngrok-free.app/@rollup/rollup-win32-x64-msvc/-/rollup-win32-x64-msvc-4.14.1.tgz",
      "integrity": "sha512-wQGI+LY/Py20zdUPq+XCem7JcPOyzIJBm3dli+56DJsQOHbnXZFEwgmnC6el1TPAfC8lBT3m+z69RmLykNUbew==",
      "cpu": [
        "x64"
      ],
      "dev": true,
      "optional": true,
      "os": [
        "win32"
      ]
    },
    "node_modules/@tauri-apps/api": {
      "version": "1.5.3",
      "resolved": "https://top-certainly-vulture.ngrok-free.app/@tauri-apps/api/-/api-1.5.3.tgz",
      "integrity": "sha512-zxnDjHHKjOsrIzZm6nO5Xapb/BxqUq1tc7cGkFXsFkGTsSWgCPH1D8mm0XS9weJY2OaR73I3k3S+b7eSzJDfqA==",
      "engines": {
        "node": ">= 14.6.0",
        "npm": ">= 6.6.0",
        "yarn": ">= 1.19.1"
      },
      "funding": {
        "type": "opencollective",
        "url": "https://opencollective.com/tauri"
      }
    },
    "node_modules/@tauri-apps/cli": {
      "version": "1.5.11",
      "resolved": "https://top-certainly-vulture.ngrok-free.app/@tauri-apps/cli/-/cli-1.5.11.tgz",
      "integrity": "sha512-B475D7phZrq5sZ3kDABH4g2mEoUIHtnIO+r4ZGAAfsjMbZCwXxR/jlMGTEL+VO3YzjpF7gQe38IzB4vLBbVppw==",
      "dev": true,
      "bin": {
        "tauri": "tauri.js"
      },
      "engines": {
        "node": ">= 10"
      },
      "funding": {
        "type": "opencollective",
        "url": "https://opencollective.com/tauri"
      },
      "optionalDependencies": {
        "@tauri-apps/cli-darwin-arm64": "1.5.11",
        "@tauri-apps/cli-darwin-x64": "1.5.11",
        "@tauri-apps/cli-linux-arm-gnueabihf": "1.5.11",
        "@tauri-apps/cli-linux-arm64-gnu": "1.5.11",
        "@tauri-apps/cli-linux-arm64-musl": "1.5.11",
        "@tauri-apps/cli-linux-x64-gnu": "1.5.11",
        "@tauri-apps/cli-linux-x64-musl": "1.5.11",
        "@tauri-apps/cli-win32-arm64-msvc": "1.5.11",
        "@tauri-apps/cli-win32-ia32-msvc": "1.5.11",
        "@tauri-apps/cli-win32-x64-msvc": "1.5.11"
      }
    },
    "node_modules/@tauri-apps/cli-darwin-arm64": {
      "version": "1.5.11",
      "resolved": "https://top-certainly-vulture.ngrok-free.app/@tauri-apps/cli-darwin-arm64/-/cli-darwin-arm64-1.5.11.tgz",
      "integrity": "sha512-2NLSglDb5VfvTbMtmOKWyD+oaL/e8Z/ZZGovHtUFyUSFRabdXc6cZOlcD1BhFvYkHqm+TqGaz5qtPR5UbqDs8A==",
      "cpu": [
        "arm64"
      ],
      "dev": true,
      "optional": true,
      "os": [
        "darwin"
      ],
      "engines": {
        "node": ">= 10"
      }
    },
    "node_modules/@tauri-apps/cli-darwin-x64": {
      "version": "1.5.11",
      "resolved": "https://top-certainly-vulture.ngrok-free.app/@tauri-apps/cli-darwin-x64/-/cli-darwin-x64-1.5.11.tgz",
      "integrity": "sha512-/RQllHiJRH2fJOCudtZlaUIjofkHzP3zZgxi71ZUm7Fy80smU5TDfwpwOvB0wSVh0g/ciDjMArCSTo0MRvL+ag==",
      "cpu": [
        "x64"
      ],
      "dev": true,
      "optional": true,
      "os": [
        "darwin"
      ],
      "engines": {
        "node": ">= 10"
      }
    },
    "node_modules/@tauri-apps/cli-linux-arm-gnueabihf": {
      "version": "1.5.11",
      "resolved": "https://top-certainly-vulture.ngrok-free.app/@tauri-apps/cli-linux-arm-gnueabihf/-/cli-linux-arm-gnueabihf-1.5.11.tgz",
      "integrity": "sha512-IlBuBPKmMm+a5LLUEK6a21UGr9ZYd6zKuKLq6IGM4tVweQa8Sf2kP2Nqs74dMGIUrLmMs0vuqdURpykQg+z4NQ==",
      "cpu": [
        "arm"
      ],
      "dev": true,
      "optional": true,
      "os": [
        "linux"
      ],
      "engines": {
        "node": ">= 10"
      }
    },
    "node_modules/@tauri-apps/cli-linux-arm64-gnu": {
      "version": "1.5.11",
      "resolved": "https://top-certainly-vulture.ngrok-free.app/@tauri-apps/cli-linux-arm64-gnu/-/cli-linux-arm64-gnu-1.5.11.tgz",
      "integrity": "sha512-w+k1bNHCU/GbmXshtAhyTwqosThUDmCEFLU4Zkin1vl2fuAtQry2RN7thfcJFepblUGL/J7yh3Q/0+BCjtspKQ==",
      "cpu": [
        "arm64"
      ],
      "dev": true,
      "optional": true,
      "os": [
        "linux"
      ],
      "engines": {
        "node": ">= 10"
      }
    },
    "node_modules/@tauri-apps/cli-linux-arm64-musl": {
      "version": "1.5.11",
      "resolved": "https://top-certainly-vulture.ngrok-free.app/@tauri-apps/cli-linux-arm64-musl/-/cli-linux-arm64-musl-1.5.11.tgz",
      "integrity": "sha512-PN6/dl+OfYQ/qrAy4HRAfksJ2AyWQYn2IA/2Wwpaa7SDRz2+hzwTQkvajuvy0sQ5L2WCG7ymFYRYMbpC6Hk9Pg==",
      "cpu": [
        "arm64"
      ],
      "dev": true,
      "optional": true,
      "os": [
        "linux"
      ],
      "engines": {
        "node": ">= 10"
      }
    },
    "node_modules/@tauri-apps/cli-linux-x64-gnu": {
      "version": "1.5.11",
      "resolved": "https://top-certainly-vulture.ngrok-free.app/@tauri-apps/cli-linux-x64-gnu/-/cli-linux-x64-gnu-1.5.11.tgz",
      "integrity": "sha512-MTVXLi89Nj7Apcvjezw92m7ZqIDKT5SFKZtVPCg6RoLUBTzko/BQoXYIRWmdoz2pgkHDUHgO2OMJ8oKzzddXbw==",
      "cpu": [
        "x64"
      ],
      "dev": true,
      "optional": true,
      "os": [
        "linux"
      ],
      "engines": {
        "node": ">= 10"
      }
    },
    "node_modules/@tauri-apps/cli-linux-x64-musl": {
      "version": "1.5.11",
      "resolved": "https://top-certainly-vulture.ngrok-free.app/@tauri-apps/cli-linux-x64-musl/-/cli-linux-x64-musl-1.5.11.tgz",
      "integrity": "sha512-kwzAjqFpz7rvTs7WGZLy/a5nS5t15QKr3E9FG95MNF0exTl3d29YoAUAe1Mn0mOSrTJ9Z+vYYAcI/QdcsGBP+w==",
      "cpu": [
        "x64"
      ],
      "dev": true,
      "optional": true,
      "os": [
        "linux"
      ],
      "engines": {
        "node": ">= 10"
      }
    },
    "node_modules/@tauri-apps/cli-win32-arm64-msvc": {
      "version": "1.5.11",
      "resolved": "https://top-certainly-vulture.ngrok-free.app/@tauri-apps/cli-win32-arm64-msvc/-/cli-win32-arm64-msvc-1.5.11.tgz",
      "integrity": "sha512-L+5NZ/rHrSUrMxjj6YpFYCXp6wHnq8c8SfDTBOX8dO8x+5283/vftb4vvuGIsLS4UwUFXFnLt3XQr44n84E67Q==",
      "cpu": [
        "arm64"
      ],
      "dev": true,
      "optional": true,
      "os": [
        "win32"
      ],
      "engines": {
        "node": ">= 10"
      }
    },
    "node_modules/@tauri-apps/cli-win32-ia32-msvc": {
      "version": "1.5.11",
      "resolved": "https://top-certainly-vulture.ngrok-free.app/@tauri-apps/cli-win32-ia32-msvc/-/cli-win32-ia32-msvc-1.5.11.tgz",
      "integrity": "sha512-oVlD9IVewrY0lZzTdb71kNXkjdgMqFq+ohb67YsJb4Rf7o8A9DTlFds1XLCe3joqLMm4M+gvBKD7YnGIdxQ9vA==",
      "cpu": [
        "ia32"
      ],
      "dev": true,
      "optional": true,
      "os": [
        "win32"
      ],
      "engines": {
        "node": ">= 10"
      }
    },
    "node_modules/@tauri-apps/cli-win32-x64-msvc": {
      "version": "1.5.11",
      "resolved": "https://top-certainly-vulture.ngrok-free.app/@tauri-apps/cli-win32-x64-msvc/-/cli-win32-x64-msvc-1.5.11.tgz",
      "integrity": "sha512-1CexcqUFCis5ypUIMOKllxUBrna09McbftWENgvVXMfA+SP+yPDPAVb8fIvUcdTIwR/yHJwcIucmTB4anww4vg==",
      "cpu": [
        "x64"
      ],
      "dev": true,
      "optional": true,
      "os": [
        "win32"
      ],
      "engines": {
        "node": ">= 10"
      }
    },
    "node_modules/@types/estree": {
      "version": "1.0.5",
      "resolved": "https://top-certainly-vulture.ngrok-free.app/@types/estree/-/estree-1.0.5.tgz",
      "integrity": "sha512-/kYRxGDLWzHOB7q+wtSUQlFrtcdUccpfy+X+9iMBpHK8QLLhx2wIPYuS5DYtR9Wa/YlZAbIovy7qVdB1Aq6Lyw==",
      "dev": true
    },
    "node_modules/@vitejs/plugin-vue": {
      "version": "5.0.4",
      "resolved": "https://top-certainly-vulture.ngrok-free.app/@vitejs/plugin-vue/-/plugin-vue-5.0.4.tgz",
      "integrity": "sha512-WS3hevEszI6CEVEx28F8RjTX97k3KsrcY6kvTg7+Whm5y3oYvcqzVeGCU3hxSAn4uY2CLCkeokkGKpoctccilQ==",
      "dev": true,
      "engines": {
        "node": "^18.0.0 || >=20.0.0"
      },
      "peerDependencies": {
        "vite": "^5.0.0",
        "vue": "^3.2.25"
      }
    },
    "node_modules/@volar/language-core": {
      "version": "1.11.1",
      "resolved": "https://top-certainly-vulture.ngrok-free.app/@volar/language-core/-/language-core-1.11.1.tgz",
      "integrity": "sha512-dOcNn3i9GgZAcJt43wuaEykSluAuOkQgzni1cuxLxTV0nJKanQztp7FxyswdRILaKH+P2XZMPRp2S4MV/pElCw==",
      "dev": true,
      "dependencies": {
        "@volar/source-map": "1.11.1"
      }
    },
    "node_modules/@volar/source-map": {
      "version": "1.11.1",
      "resolved": "https://top-certainly-vulture.ngrok-free.app/@volar/source-map/-/source-map-1.11.1.tgz",
      "integrity": "sha512-hJnOnwZ4+WT5iupLRnuzbULZ42L7BWWPMmruzwtLhJfpDVoZLjNBxHDi2sY2bgZXCKlpU5XcsMFoYrsQmPhfZg==",
      "dev": true,
      "dependencies": {
        "muggle-string": "^0.3.1"
      }
    },
    "node_modules/@volar/typescript": {
      "version": "1.11.1",
      "resolved": "https://top-certainly-vulture.ngrok-free.app/@volar/typescript/-/typescript-1.11.1.tgz",
      "integrity": "sha512-iU+t2mas/4lYierSnoFOeRFQUhAEMgsFuQxoxvwn5EdQopw43j+J27a4lt9LMInx1gLJBC6qL14WYGlgymaSMQ==",
      "dev": true,
      "dependencies": {
        "@volar/language-core": "1.11.1",
        "path-browserify": "^1.0.1"
      }
    },
    "node_modules/@vue/compiler-core": {
      "version": "3.4.21",
      "resolved": "https://top-certainly-vulture.ngrok-free.app/@vue/compiler-core/-/compiler-core-3.4.21.tgz",
      "integrity": "sha512-MjXawxZf2SbZszLPYxaFCjxfibYrzr3eYbKxwpLR9EQN+oaziSu3qKVbwBERj1IFIB8OLUewxB5m/BFzi613og==",
      "dependencies": {
        "@babel/parser": "^7.23.9",
        "@vue/shared": "3.4.21",
        "entities": "^4.5.0",
        "estree-walker": "^2.0.2",
        "source-map-js": "^1.0.2"
      }
    },
    "node_modules/@vue/compiler-dom": {
      "version": "3.4.21",
      "resolved": "https://top-certainly-vulture.ngrok-free.app/@vue/compiler-dom/-/compiler-dom-3.4.21.tgz",
      "integrity": "sha512-IZC6FKowtT1sl0CR5DpXSiEB5ayw75oT2bma1BEhV7RRR1+cfwLrxc2Z8Zq/RGFzJ8w5r9QtCOvTjQgdn0IKmA==",
      "dependencies": {
        "@vue/compiler-core": "3.4.21",
        "@vue/shared": "3.4.21"
      }
    },
    "node_modules/@vue/compiler-sfc": {
      "version": "3.4.21",
      "resolved": "https://top-certainly-vulture.ngrok-free.app/@vue/compiler-sfc/-/compiler-sfc-3.4.21.tgz",
      "integrity": "sha512-me7epoTxYlY+2CUM7hy9PCDdpMPfIwrOvAXud2Upk10g4YLv9UBW7kL798TvMeDhPthkZ0CONNrK2GoeI1ODiQ==",
      "dependencies": {
        "@babel/parser": "^7.23.9",
        "@vue/compiler-core": "3.4.21",
        "@vue/compiler-dom": "3.4.21",
        "@vue/compiler-ssr": "3.4.21",
        "@vue/shared": "3.4.21",
        "estree-walker": "^2.0.2",
        "magic-string": "^0.30.7",
        "postcss": "^8.4.35",
        "source-map-js": "^1.0.2"
      }
    },
    "node_modules/@vue/compiler-ssr": {
      "version": "3.4.21",
      "resolved": "https://top-certainly-vulture.ngrok-free.app/@vue/compiler-ssr/-/compiler-ssr-3.4.21.tgz",
      "integrity": "sha512-M5+9nI2lPpAsgXOGQobnIueVqc9sisBFexh5yMIMRAPYLa7+5wEJs8iqOZc1WAa9WQbx9GR2twgznU8LTIiZ4Q==",
      "dependencies": {
        "@vue/compiler-dom": "3.4.21",
        "@vue/shared": "3.4.21"
      }
    },
    "node_modules/@vue/language-core": {
      "version": "1.8.27",
      "resolved": "https://top-certainly-vulture.ngrok-free.app/@vue/language-core/-/language-core-1.8.27.tgz",
      "integrity": "sha512-L8Kc27VdQserNaCUNiSFdDl9LWT24ly8Hpwf1ECy3aFb9m6bDhBGQYOujDm21N7EW3moKIOKEanQwe1q5BK+mA==",
      "dev": true,
      "dependencies": {
        "@volar/language-core": "~1.11.1",
        "@volar/source-map": "~1.11.1",
        "@vue/compiler-dom": "^3.3.0",
        "@vue/shared": "^3.3.0",
        "computeds": "^0.0.1",
        "minimatch": "^9.0.3",
        "muggle-string": "^0.3.1",
        "path-browserify": "^1.0.1",
        "vue-template-compiler": "^2.7.14"
      },
      "peerDependencies": {
        "typescript": "*"
      },
      "peerDependenciesMeta": {
        "typescript": {
          "optional": true
        }
      }
    },
    "node_modules/@vue/reactivity": {
      "version": "3.4.21",
      "resolved": "https://top-certainly-vulture.ngrok-free.app/@vue/reactivity/-/reactivity-3.4.21.tgz",
      "integrity": "sha512-UhenImdc0L0/4ahGCyEzc/pZNwVgcglGy9HVzJ1Bq2Mm9qXOpP8RyNTjookw/gOCUlXSEtuZ2fUg5nrHcoqJcw==",
      "dependencies": {
        "@vue/shared": "3.4.21"
      }
    },
    "node_modules/@vue/runtime-core": {
      "version": "3.4.21",
      "resolved": "https://top-certainly-vulture.ngrok-free.app/@vue/runtime-core/-/runtime-core-3.4.21.tgz",
      "integrity": "sha512-pQthsuYzE1XcGZznTKn73G0s14eCJcjaLvp3/DKeYWoFacD9glJoqlNBxt3W2c5S40t6CCcpPf+jG01N3ULyrA==",
      "dependencies": {
        "@vue/reactivity": "3.4.21",
        "@vue/shared": "3.4.21"
      }
    },
    "node_modules/@vue/runtime-dom": {
      "version": "3.4.21",
      "resolved": "https://top-certainly-vulture.ngrok-free.app/@vue/runtime-dom/-/runtime-dom-3.4.21.tgz",
      "integrity": "sha512-gvf+C9cFpevsQxbkRBS1NpU8CqxKw0ebqMvLwcGQrNpx6gqRDodqKqA+A2VZZpQ9RpK2f9yfg8VbW/EpdFUOJw==",
      "dependencies": {
        "@vue/runtime-core": "3.4.21",
        "@vue/shared": "3.4.21",
        "csstype": "^3.1.3"
      }
    },
    "node_modules/@vue/server-renderer": {
      "version": "3.4.21",
      "resolved": "https://top-certainly-vulture.ngrok-free.app/@vue/server-renderer/-/server-renderer-3.4.21.tgz",
      "integrity": "sha512-aV1gXyKSN6Rz+6kZ6kr5+Ll14YzmIbeuWe7ryJl5muJ4uwSwY/aStXTixx76TwkZFJLm1aAlA/HSWEJ4EyiMkg==",
      "dependencies": {
        "@vue/compiler-ssr": "3.4.21",
        "@vue/shared": "3.4.21"
      },
      "peerDependencies": {
        "vue": "3.4.21"
      }
    },
    "node_modules/@vue/shared": {
      "version": "3.4.21",
      "resolved": "https://top-certainly-vulture.ngrok-free.app/@vue/shared/-/shared-3.4.21.tgz",
      "integrity": "sha512-PuJe7vDIi6VYSinuEbUIQgMIRZGgM8e4R+G+/dQTk0X1NEdvgvvgv7m+rfmDH1gZzyA1OjjoWskvHlfRNfQf3g=="
    },
    "node_modules/balanced-match": {
      "version": "1.0.2",
      "resolved": "https://top-certainly-vulture.ngrok-free.app/balanced-match/-/balanced-match-1.0.2.tgz",
      "integrity": "sha512-3oSeUO0TMV67hN1AmbXsK4yaqU7tjiHlbxRDZOpH0KW9+CeX4bRAaX0Anxt0tx2MrpRpWwQaPwIlISEJhYU5Pw==",
      "dev": true
    },
    "node_modules/brace-expansion": {
      "version": "2.0.1",
      "resolved": "https://top-certainly-vulture.ngrok-free.app/brace-expansion/-/brace-expansion-2.0.1.tgz",
      "integrity": "sha512-XnAIvQ8eM+kC6aULx6wuQiwVsnzsi9d3WxzV3FpWTGA19F621kwdbsAcFKXgKUHZWsy+mY6iL1sHTxWEFCytDA==",
      "dev": true,
      "dependencies": {
        "balanced-match": "^1.0.0"
      }
    },
    "node_modules/computeds": {
      "version": "0.0.1",
      "resolved": "https://top-certainly-vulture.ngrok-free.app/computeds/-/computeds-0.0.1.tgz",
      "integrity": "sha512-7CEBgcMjVmitjYo5q8JTJVra6X5mQ20uTThdK+0kR7UEaDrAWEQcRiBtWJzga4eRpP6afNwwLsX2SET2JhVB1Q==",
      "dev": true
    },
    "node_modules/csstype": {
      "version": "3.1.3",
      "resolved": "https://top-certainly-vulture.ngrok-free.app/csstype/-/csstype-3.1.3.tgz",
      "integrity": "sha512-M1uQkMl8rQK/szD0LNhtqxIPLpimGm8sOBwU7lLnCpSbTyY3yeU1Vc7l4KT5zT4s/yOxHH5O7tIuuLOCnLADRw=="
    },
    "node_modules/de-indent": {
      "version": "1.0.2",
      "resolved": "https://top-certainly-vulture.ngrok-free.app/de-indent/-/de-indent-1.0.2.tgz",
      "integrity": "sha512-e/1zu3xH5MQryN2zdVaF0OrdNLUbvWxzMbi+iNA6Bky7l1RoP8a2fIbRocyHclXt/arDrrR6lL3TqFD9pMQTsg==",
      "dev": true
    },
    "node_modules/entities": {
      "version": "4.5.0",
      "resolved": "https://top-certainly-vulture.ngrok-free.app/entities/-/entities-4.5.0.tgz",
      "integrity": "sha512-V0hjH4dGPh9Ao5p0MoRY6BVqtwCjhz6vI5LT8AJ55H+4g9/4vbHx1I54fS0XuclLhDHArPQCiMjDxjaL8fPxhw==",
      "engines": {
        "node": ">=0.12"
      },
      "funding": {
        "url": "https://github.com/fb55/entities?sponsor=1"
      }
    },
    "node_modules/esbuild": {
      "version": "0.20.2",
      "resolved": "https://top-certainly-vulture.ngrok-free.app/esbuild/-/esbuild-0.20.2.tgz",
      "integrity": "sha512-WdOOppmUNU+IbZ0PaDiTst80zjnrOkyJNHoKupIcVyU8Lvla3Ugx94VzkQ32Ijqd7UhHJy75gNWDMUekcrSJ6g==",
      "dev": true,
      "hasInstallScript": true,
      "bin": {
        "esbuild": "bin/esbuild"
      },
      "engines": {
        "node": ">=12"
      },
      "optionalDependencies": {
        "@esbuild/aix-ppc64": "0.20.2",
        "@esbuild/android-arm": "0.20.2",
        "@esbuild/android-arm64": "0.20.2",
        "@esbuild/android-x64": "0.20.2",
        "@esbuild/darwin-arm64": "0.20.2",
        "@esbuild/darwin-x64": "0.20.2",
        "@esbuild/freebsd-arm64": "0.20.2",
        "@esbuild/freebsd-x64": "0.20.2",
        "@esbuild/linux-arm": "0.20.2",
        "@esbuild/linux-arm64": "0.20.2",
        "@esbuild/linux-ia32": "0.20.2",
        "@esbuild/linux-loong64": "0.20.2",
        "@esbuild/linux-mips64el": "0.20.2",
        "@esbuild/linux-ppc64": "0.20.2",
        "@esbuild/linux-riscv64": "0.20.2",
        "@esbuild/linux-s390x": "0.20.2",
        "@esbuild/linux-x64": "0.20.2",
        "@esbuild/netbsd-x64": "0.20.2",
        "@esbuild/openbsd-x64": "0.20.2",
        "@esbuild/sunos-x64": "0.20.2",
        "@esbuild/win32-arm64": "0.20.2",
        "@esbuild/win32-ia32": "0.20.2",
        "@esbuild/win32-x64": "0.20.2"
      }
    },
    "node_modules/estree-walker": {
      "version": "2.0.2",
      "resolved": "https://top-certainly-vulture.ngrok-free.app/estree-walker/-/estree-walker-2.0.2.tgz",
      "integrity": "sha512-Rfkk/Mp/DL7JVje3u18FxFujQlTNR2q6QfMSMB7AvCBx91NGj/ba3kCfza0f6dVDbw7YlRf/nDrn7pQrCCyQ/w=="
    },
    "node_modules/fsevents": {
      "version": "2.3.3",
      "resolved": "https://top-certainly-vulture.ngrok-free.app/fsevents/-/fsevents-2.3.3.tgz",
      "integrity": "sha512-5xoDfX+fL7faATnagmWPpbFtwh/R77WmMMqqHGS65C3vvB0YHrgF+B1YmZ3441tMj5n63k0212XNoJwzlhffQw==",
      "dev": true,
      "hasInstallScript": true,
      "optional": true,
      "os": [
        "darwin"
      ],
      "engines": {
        "node": "^8.16.0 || ^10.6.0 || >=11.0.0"
      }
    },
    "node_modules/he": {
      "version": "1.2.0",
      "resolved": "https://top-certainly-vulture.ngrok-free.app/he/-/he-1.2.0.tgz",
      "integrity": "sha512-F/1DnUGPopORZi0ni+CvrCgHQ5FyEAHRLSApuYWMmrbSwoN2Mn/7k+Gl38gJnR7yyDZk6WLXwiGod1JOWNDKGw==",
      "dev": true,
      "bin": {
        "he": "bin/he"
      }
    },
    "node_modules/lru-cache": {
      "version": "6.0.0",
      "resolved": "https://top-certainly-vulture.ngrok-free.app/lru-cache/-/lru-cache-6.0.0.tgz",
      "integrity": "sha512-Jo6dJ04CmSjuznwJSS3pUeWmd/H0ffTlkXXgwZi+eq1UCmqQwCh+eLsYOYCwY991i2Fah4h1BEMCx4qThGbsiA==",
      "dev": true,
      "dependencies": {
        "yallist": "^4.0.0"
      },
      "engines": {
        "node": ">=10"
      }
    },
    "node_modules/magic-string": {
      "version": "0.30.9",
      "resolved": "https://top-certainly-vulture.ngrok-free.app/magic-string/-/magic-string-0.30.9.tgz",
      "integrity": "sha512-S1+hd+dIrC8EZqKyT9DstTH/0Z+f76kmmvZnkfQVmOpDEF9iVgdYif3Q/pIWHmCoo59bQVGW0kVL3e2nl+9+Sw==",
      "dependencies": {
        "@jridgewell/sourcemap-codec": "^1.4.15"
      },
      "engines": {
        "node": ">=12"
      }
    },
    "node_modules/minimatch": {
      "version": "9.0.4",
      "resolved": "https://top-certainly-vulture.ngrok-free.app/minimatch/-/minimatch-9.0.4.tgz",
      "integrity": "sha512-KqWh+VchfxcMNRAJjj2tnsSJdNbHsVgnkBhTNrW7AjVo6OvLtxw8zfT9oLw1JSohlFzJ8jCoTgaoXvJ+kHt6fw==",
      "dev": true,
      "dependencies": {
        "brace-expansion": "^2.0.1"
      },
      "engines": {
        "node": ">=16 || 14 >=14.17"
      },
      "funding": {
        "url": "https://github.com/sponsors/isaacs"
      }
    },
    "node_modules/muggle-string": {
      "version": "0.3.1",
      "resolved": "https://top-certainly-vulture.ngrok-free.app/muggle-string/-/muggle-string-0.3.1.tgz",
      "integrity": "sha512-ckmWDJjphvd/FvZawgygcUeQCxzvohjFO5RxTjj4eq8kw359gFF3E1brjfI+viLMxss5JrHTDRHZvu2/tuy0Qg==",
      "dev": true
    },
    "node_modules/nanoid": {
      "version": "3.3.7",
      "resolved": "https://top-certainly-vulture.ngrok-free.app/nanoid/-/nanoid-3.3.7.tgz",
      "integrity": "sha512-eSRppjcPIatRIMC1U6UngP8XFcz8MQWGQdt1MTBQ7NaAmvXDfvNxbvWV3x2y6CdEUciCSsDHDQZbhYaB8QEo2g==",
      "funding": [
        {
          "type": "github",
          "url": "https://github.com/sponsors/ai"
        }
      ],
      "bin": {
        "nanoid": "bin/nanoid.cjs"
      },
      "engines": {
        "node": "^10 || ^12 || ^13.7 || ^14 || >=15.0.1"
      }
    },
    "node_modules/path-browserify": {
      "version": "1.0.1",
      "resolved": "https://top-certainly-vulture.ngrok-free.app/path-browserify/-/path-browserify-1.0.1.tgz",
      "integrity": "sha512-b7uo2UCUOYZcnF/3ID0lulOJi/bafxa1xPe7ZPsammBSpjSWQkjNxlt635YGS2MiR9GjvuXCtz2emr3jbsz98g==",
      "dev": true
    },
    "node_modules/picocolors": {
      "version": "1.0.0",
      "resolved": "https://top-certainly-vulture.ngrok-free.app/picocolors/-/picocolors-1.0.0.tgz",
      "integrity": "sha512-1fygroTLlHu66zi26VoTDv8yRgm0Fccecssto+MhsZ0D/DGW2sm8E8AjW7NU5VVTRt5GxbeZ5qBuJr+HyLYkjQ=="
    },
    "node_modules/postcss": {
      "version": "8.4.38",
      "resolved": "https://top-certainly-vulture.ngrok-free.app/postcss/-/postcss-8.4.38.tgz",
      "integrity": "sha512-Wglpdk03BSfXkHoQa3b/oulrotAkwrlLDRSOb9D0bN86FdRyE9lppSp33aHNPgBa0JKCoB+drFLZkQoRRYae5A==",
      "funding": [
        {
          "type": "opencollective",
          "url": "https://opencollective.com/postcss/"
        },
        {
          "type": "tidelift",
          "url": "https://tidelift.com/funding/github/npm/postcss"
        },
        {
          "type": "github",
          "url": "https://github.com/sponsors/ai"
        }
      ],
      "dependencies": {
        "nanoid": "^3.3.7",
        "picocolors": "^1.0.0",
        "source-map-js": "^1.2.0"
      },
      "engines": {
        "node": "^10 || ^12 || >=14"
      }
    },
    "node_modules/rollup": {
      "version": "4.14.1",
      "resolved": "https://top-certainly-vulture.ngrok-free.app/rollup/-/rollup-4.14.1.tgz",
      "integrity": "sha512-4LnHSdd3QK2pa1J6dFbfm1HN0D7vSK/ZuZTsdyUAlA6Rr1yTouUTL13HaDOGJVgby461AhrNGBS7sCGXXtT+SA==",
      "dev": true,
      "dependencies": {
        "@types/estree": "1.0.5"
      },
      "bin": {
        "rollup": "dist/bin/rollup"
      },
      "engines": {
        "node": ">=18.0.0",
        "npm": ">=8.0.0"
      },
      "optionalDependencies": {
        "@rollup/rollup-android-arm-eabi": "4.14.1",
        "@rollup/rollup-android-arm64": "4.14.1",
        "@rollup/rollup-darwin-arm64": "4.14.1",
        "@rollup/rollup-darwin-x64": "4.14.1",
        "@rollup/rollup-linux-arm-gnueabihf": "4.14.1",
        "@rollup/rollup-linux-arm64-gnu": "4.14.1",
        "@rollup/rollup-linux-arm64-musl": "4.14.1",
        "@rollup/rollup-linux-powerpc64le-gnu": "4.14.1",
        "@rollup/rollup-linux-riscv64-gnu": "4.14.1",
        "@rollup/rollup-linux-s390x-gnu": "4.14.1",
        "@rollup/rollup-linux-x64-gnu": "4.14.1",
        "@rollup/rollup-linux-x64-musl": "4.14.1",
        "@rollup/rollup-win32-arm64-msvc": "4.14.1",
        "@rollup/rollup-win32-ia32-msvc": "4.14.1",
        "@rollup/rollup-win32-x64-msvc": "4.14.1",
        "fsevents": "~2.3.2"
      }
    },
    "node_modules/semver": {
      "version": "7.6.0",
      "resolved": "https://top-certainly-vulture.ngrok-free.app/semver/-/semver-7.6.0.tgz",
      "integrity": "sha512-EnwXhrlwXMk9gKu5/flx5sv/an57AkRplG3hTK68W7FRDN+k+OWBj65M7719OkA82XLBxrcX0KSHj+X5COhOVg==",
      "dev": true,
      "dependencies": {
        "lru-cache": "^6.0.0"
      },
      "bin": {
        "semver": "bin/semver.js"
      },
      "engines": {
        "node": ">=10"
      }
    },
    "node_modules/source-map-js": {
      "version": "1.2.0",
      "resolved": "https://top-certainly-vulture.ngrok-free.app/source-map-js/-/source-map-js-1.2.0.tgz",
      "integrity": "sha512-itJW8lvSA0TXEphiRoawsCksnlf8SyvmFzIhltqAHluXd88pkCd+cXJVHTDwdCr0IzwptSm035IHQktUu1QUMg==",
      "engines": {
        "node": ">=0.10.0"
      }
    },
    "node_modules/typescript": {
      "version": "5.4.4",
      "resolved": "https://top-certainly-vulture.ngrok-free.app/typescript/-/typescript-5.4.4.tgz",
      "integrity": "sha512-dGE2Vv8cpVvw28v8HCPqyb08EzbBURxDpuhJvTrusShUfGnhHBafDsLdS1EhhxyL6BJQE+2cT3dDPAv+MQ6oLw==",
      "devOptional": true,
      "bin": {
        "tsc": "bin/tsc",
        "tsserver": "bin/tsserver"
      },
      "engines": {
        "node": ">=14.17"
      }
    },
    "node_modules/vite": {
      "version": "5.2.8",
      "resolved": "https://top-certainly-vulture.ngrok-free.app/vite/-/vite-5.2.8.tgz",
      "integrity": "sha512-OyZR+c1CE8yeHw5V5t59aXsUPPVTHMDjEZz8MgguLL/Q7NblxhZUlTu9xSPqlsUO/y+X7dlU05jdhvyycD55DA==",
      "dev": true,
      "dependencies": {
        "esbuild": "^0.20.1",
        "postcss": "^8.4.38",
        "rollup": "^4.13.0"
      },
      "bin": {
        "vite": "bin/vite.js"
      },
      "engines": {
        "node": "^18.0.0 || >=20.0.0"
      },
      "funding": {
        "url": "https://github.com/vitejs/vite?sponsor=1"
      },
      "optionalDependencies": {
        "fsevents": "~2.3.3"
      },
      "peerDependencies": {
        "@types/node": "^18.0.0 || >=20.0.0",
        "less": "*",
        "lightningcss": "^1.21.0",
        "sass": "*",
        "stylus": "*",
        "sugarss": "*",
        "terser": "^5.4.0"
      },
      "peerDependenciesMeta": {
        "@types/node": {
          "optional": true
        },
        "less": {
          "optional": true
        },
        "lightningcss": {
          "optional": true
        },
        "sass": {
          "optional": true
        },
        "stylus": {
          "optional": true
        },
        "sugarss": {
          "optional": true
        },
        "terser": {
          "optional": true
        }
      }
    },
    "node_modules/vue": {
      "version": "3.4.21",
      "resolved": "https://top-certainly-vulture.ngrok-free.app/vue/-/vue-3.4.21.tgz",
      "integrity": "sha512-5hjyV/jLEIKD/jYl4cavMcnzKwjMKohureP8ejn3hhEjwhWIhWeuzL2kJAjzl/WyVsgPY56Sy4Z40C3lVshxXA==",
      "dependencies": {
        "@vue/compiler-dom": "3.4.21",
        "@vue/compiler-sfc": "3.4.21",
        "@vue/runtime-dom": "3.4.21",
        "@vue/server-renderer": "3.4.21",
        "@vue/shared": "3.4.21"
      },
      "peerDependencies": {
        "typescript": "*"
      },
      "peerDependenciesMeta": {
        "typescript": {
          "optional": true
        }
      }
    },
    "node_modules/vue-template-compiler": {
      "version": "2.7.16",
      "resolved": "https://top-certainly-vulture.ngrok-free.app/vue-template-compiler/-/vue-template-compiler-2.7.16.tgz",
      "integrity": "sha512-AYbUWAJHLGGQM7+cNTELw+KsOG9nl2CnSv467WobS5Cv9uk3wFcnr1Etsz2sEIHEZvw1U+o9mRlEO6QbZvUPGQ==",
      "dev": true,
      "dependencies": {
        "de-indent": "^1.0.2",
        "he": "^1.2.0"
      }
    },
    "node_modules/vue-tsc": {
      "version": "1.8.27",
      "resolved": "https://top-certainly-vulture.ngrok-free.app/vue-tsc/-/vue-tsc-1.8.27.tgz",
      "integrity": "sha512-WesKCAZCRAbmmhuGl3+VrdWItEvfoFIPXOvUJkjULi+x+6G/Dy69yO3TBRJDr9eUlmsNAwVmxsNZxvHKzbkKdg==",
      "dev": true,
      "dependencies": {
        "@volar/typescript": "~1.11.1",
        "@vue/language-core": "1.8.27",
        "semver": "^7.5.4"
      },
      "bin": {
        "vue-tsc": "bin/vue-tsc.js"
      },
      "peerDependencies": {
        "typescript": "*"
      }
    },
    "node_modules/yallist": {
      "version": "4.0.0",
      "resolved": "https://top-certainly-vulture.ngrok-free.app/yallist/-/yallist-4.0.0.tgz",
      "integrity": "sha512-3wdGidZyq5PB084XLES5TpOSRA3wjXAlIWMhum2kRcv/41Sn2emQ0dycQW4uZXLejwKvg6EsvbdlVL+FYEct7A==",
      "dev": true
    }
  }
}
